
Microsoft Visual Studio Solution File, Format Version 12.00
# Visual Studio Version 16
VisualStudioVersion = 16.0.29326.143
MinimumVisualStudioVersion = 10.0.40219.1
Project("{2150E333-8FDC-42A3-9474-1A3956D46DE8}") = "src", "src", "{6D3497A0-339F-4545-86B8-7E015B468025}"
EndProject
Project("{2150E333-8FDC-42A3-9474-1A3956D46DE8}") = "tests", "tests", "{8AC3899F-4C0B-4EF6-AD2B-97D91FE107F5}"
	ProjectSection(SolutionItems) = preProject
		test\Directory.Build.props = test\Directory.Build.props
	EndProjectSection
EndProject
Project("{2150E333-8FDC-42A3-9474-1A3956D46DE8}") = "Solution Items", "Solution Items", "{A9D8D97C-B58E-4A12-A7FE-D93A71CFFB73}"
	ProjectSection(SolutionItems) = preProject
		.editorconfig = .editorconfig
		Directory.Build.props = Directory.Build.props
		docker-compose.yml = docker-compose.yml
		dockerfile = dockerfile
		Quixa.ruleset = Quixa.ruleset
		README.md = README.md
	EndProjectSection
EndProject
Project("{9A19103F-16F7-4668-BE54-9A1E7A4F7556}") = "Quixa.Core", "src\Quixa.Core\Quixa.Core.csproj", "{22BC0F13-0903-42B5-9263-9D7647D32B29}"
EndProject
Project("{9A19103F-16F7-4668-BE54-9A1E7A4F7556}") = "Quixa.Db", "src\Quixa.Db\Quixa.Db.csproj", "{A6241802-C8F8-4742-8A93-EE20DC3B1224}"
EndProject
Project("{9A19103F-16F7-4668-BE54-9A1E7A4F7556}") = "Quixa.Api", "src\Quixa.Api\Quixa.Api.csproj", "{461F8FFB-6CF2-44E9-BA60-689A1569B76C}"
EndProject
Project("{9A19103F-16F7-4668-BE54-9A1E7A4F7556}") = "Quixa.Core.UnitTests", "test\Quixa.Core.UnitTests\Quixa.Core.UnitTests.csproj", "{9DB6F1BF-3634-41AD-869B-5420A7D2A700}"
EndProject
Project("{9A19103F-16F7-4668-BE54-9A1E7A4F7556}") = "Quixa.Api.UnitTests", "test\Quixa.Api.UnitTests\Quixa.Api.UnitTests.csproj", "{949DAB69-1BF9-400F-919C-FC97F22E817A}"
EndProject
Project("{9A19103F-16F7-4668-BE54-9A1E7A4F7556}") = "Quixa.Api.LoadTests", "test\Quixa.Api.LoadTests\Quixa.Api.LoadTests.csproj", "{01281A18-3EED-428A-AC0F-548C7C799953}"
EndProject
Project("{9A19103F-16F7-4668-BE54-9A1E7A4F7556}") = "Quixa.Api.IntegrationTests", "test\Quixa.Api.IntegrationTests\Quixa.Api.IntegrationTests.csproj", "{B7ED213B-8C8B-4B8D-94F9-4FEA042FD5E7}"
EndProject
Global
	GlobalSection(SolutionConfigurationPlatforms) = preSolution
		Debug|Any CPU = Debug|Any CPU
		Release|Any CPU = Release|Any CPU
	EndGlobalSection
	GlobalSection(ProjectConfigurationPlatforms) = postSolution
		{22BC0F13-0903-42B5-9263-9D7647D32B29}.Debug|Any CPU.ActiveCfg = Debug|Any CPU
		{22BC0F13-0903-42B5-9263-9D7647D32B29}.Debug|Any CPU.Build.0 = Debug|Any CPU
		{22BC0F13-0903-42B5-9263-9D7647D32B29}.Release|Any CPU.ActiveCfg = Release|Any CPU
		{22BC0F13-0903-42B5-9263-9D7647D32B29}.Release|Any CPU.Build.0 = Release|Any CPU
		{A6241802-C8F8-4742-8A93-EE20DC3B1224}.Debug|Any CPU.ActiveCfg = Debug|Any CPU
		{A6241802-C8F8-4742-8A93-EE20DC3B1224}.Debug|Any CPU.Build.0 = Debug|Any CPU
		{A6241802-C8F8-4742-8A93-EE20DC3B1224}.Release|Any CPU.ActiveCfg = Release|Any CPU
		{A6241802-C8F8-4742-8A93-EE20DC3B1224}.Release|Any CPU.Build.0 = Release|Any CPU
		{461F8FFB-6CF2-44E9-BA60-689A1569B76C}.Debug|Any CPU.ActiveCfg = Debug|Any CPU
		{461F8FFB-6CF2-44E9-BA60-689A1569B76C}.Debug|Any CPU.Build.0 = Debug|Any CPU
		{461F8FFB-6CF2-44E9-BA60-689A1569B76C}.Release|Any CPU.ActiveCfg = Release|Any CPU
		{461F8FFB-6CF2-44E9-BA60-689A1569B76C}.Release|Any CPU.Build.0 = Release|Any CPU
		{9DB6F1BF-3634-41AD-869B-5420A7D2A700}.Debug|Any CPU.ActiveCfg = Debug|Any CPU
		{9DB6F1BF-3634-41AD-869B-5420A7D2A700}.Debug|Any CPU.Build.0 = Debug|Any CPU
		{9DB6F1BF-3634-41AD-869B-5420A7D2A700}.Release|Any CPU.ActiveCfg = Release|Any CPU
		{9DB6F1BF-3634-41AD-869B-5420A7D2A700}.Release|Any CPU.Build.0 = Release|Any CPU
		{949DAB69-1BF9-400F-919C-FC97F22E817A}.Debug|Any CPU.ActiveCfg = Debug|Any CPU
		{949DAB69-1BF9-400F-919C-FC97F22E817A}.Debug|Any CPU.Build.0 = Debug|Any CPU
		{949DAB69-1BF9-400F-919C-FC97F22E817A}.Release|Any CPU.ActiveCfg = Release|Any CPU
		{949DAB69-1BF9-400F-919C-FC97F22E817A}.Release|Any CPU.Build.0 = Release|Any CPU
		{01281A18-3EED-428A-AC0F-548C7C799953}.Debug|Any CPU.ActiveCfg = Debug|Any CPU
		{01281A18-3EED-428A-AC0F-548C7C799953}.Debug|Any CPU.Build.0 = Debug|Any CPU
		{01281A18-3EED-428A-AC0F-548C7C799953}.Release|Any CPU.ActiveCfg = Release|Any CPU
		{01281A18-3EED-428A-AC0F-548C7C799953}.Release|Any CPU.Build.0 = Release|Any CPU
		{B7ED213B-8C8B-4B8D-94F9-4FEA042FD5E7}.Debug|Any CPU.ActiveCfg = Debug|Any CPU
		{B7ED213B-8C8B-4B8D-94F9-4FEA042FD5E7}.Debug|Any CPU.Build.0 = Debug|Any CPU
		{B7ED213B-8C8B-4B8D-94F9-4FEA042FD5E7}.Release|Any CPU.ActiveCfg = Release|Any CPU
		{B7ED213B-8C8B-4B8D-94F9-4FEA042FD5E7}.Release|Any CPU.Build.0 = Release|Any CPU
	EndGlobalSection
	GlobalSection(SolutionProperties) = preSolution
		HideSolutionNode = FALSE
	EndGlobalSection
	GlobalSection(NestedProjects) = preSolution
		{22BC0F13-0903-42B5-9263-9D7647D32B29} = {6D3497A0-339F-4545-86B8-7E015B468025}
		{A6241802-C8F8-4742-8A93-EE20DC3B1224} = {6D3497A0-339F-4545-86B8-7E015B468025}
		{461F8FFB-6CF2-44E9-BA60-689A1569B76C} = {6D3497A0-339F-4545-86B8-7E015B468025}
		{9DB6F1BF-3634-41AD-869B-5420A7D2A700} = {8AC3899F-4C0B-4EF6-AD2B-97D91FE107F5}
		{949DAB69-1BF9-400F-919C-FC97F22E817A} = {8AC3899F-4C0B-4EF6-AD2B-97D91FE107F5}
		{01281A18-3EED-428A-AC0F-548C7C799953} = {8AC3899F-4C0B-4EF6-AD2B-97D91FE107F5}
		{B7ED213B-8C8B-4B8D-94F9-4FEA042FD5E7} = {8AC3899F-4C0B-4EF6-AD2B-97D91FE107F5}
	EndGlobalSection
	GlobalSection(ExtensibilityGlobals) = postSolution
		SolutionGuid = {FE6D8568-233C-4A49-84FF-2FE6C0DE238C}
	EndGlobalSection
EndGlobal
